{
  "name": "ephero-chrome-extension",
  "version": "1.0.0",
  "lockfileVersion": 3,
  "requires": true,
  "packages": {
    "": {
      "name": "ephero-chrome-extension",
      "version": "1.0.0",
      "license": "MIT"
    },
    "chrome-extension": {
      "version": "1.0.0",
      "extraneous": true,
      "license": "MIT",
      "dependencies": {
        "tweetnacl": "^1.0.3",
        "tweetnacl-util": "^0.15.1"
      }
    },
    "server": {
      "version": "1.0.0",
      "extraneous": true,
      "license": "MIT",
      "dependencies": {
        "ws": "^8.14.2"
      },
      "devDependencies": {
        "@eslint/js": "^9.30.1",
        "@types/jest": "^29.5.5",
        "@types/node": "^20.8.0",
        "@types/ws": "^8.5.7",
        "@typescript-eslint/eslint-plugin": "^8.36.0",
        "@typescript-eslint/parser": "^8.36.0",
        "eslint": "^9.30.1",
        "husky": "^9.1.7",
        "jest": "^29.7.0",
        "lint-staged": "^16.1.2",
        "ts-jest": "^29.4.0",
        "ts-node": "^10.9.1",
        "typescript": "^5.2.2"
      }
    },
    "web-client": {
      "version": "1.0.0",
      "extraneous": true,
      "license": "MIT"
    }
  }
}
